
Microsoft Visual Studio Solution File, Format Version 12.00
# Visual Studio 15
VisualStudioVersion = 15.0.28307.329
MinimumVisualStudioVersion = 10.0.40219.1
Project("{FAE04EC0-301F-11D3-BF4B-00C04F79EFBC}") = "VitaeGeneralis", "VitaeGeneralis\VitaeGeneralis.csproj", "{5CD01D00-415C-457E-8529-350D2895FAAB}"
EndProject
Global
	GlobalSection(SolutionConfigurationPlatforms) = preSolution
		Debug|Any CPU = Debug|Any CPU
		Release|Any CPU = Release|Any CPU
	EndGlobalSection
	GlobalSection(ProjectConfigurationPlatforms) = postSolution
		{5CD01D00-415C-457E-8529-350D2895FAAB}.Debug|Any CPU.ActiveCfg = Debug|Any CPU
		{5CD01D00-415C-457E-8529-350D2895FAAB}.Debug|Any CPU.Build.0 = Debug|Any CPU
		{5CD01D00-415C-457E-8529-350D2895FAAB}.Release|Any CPU.ActiveCfg = Release|Any CPU
		{5CD01D00-415C-457E-8529-350D2895FAAB}.Release|Any CPU.Build.0 = Release|Any CPU
	EndGlobalSection
	GlobalSection(SolutionProperties) = preSolution
		HideSolutionNode = FALSE
	EndGlobalSection
	GlobalSection(ExtensibilityGlobals) = postSolution
		SolutionGuid = {D7543B34-C842-4736-9C40-AA496F80FEB8}
	EndGlobalSection
EndGlobal
